# This file is autogenerated, do not edit; changes may be undone by the next 'dep ensure'.


[[projects]]
  digest = "1:4347a91a2e621fa5aca17f3c4432d8f25da7244faa4cc7e9a5506c694eb2c673"
  name = "github.com/frozzare/go-assert"
  packages = ["."]
  pruneopts = "UT"
  revision = "6f04caa18e10470209b248c4a29c400a4a52bd5d"
  version = "v1.1.0"

[solve-meta]
  analyzer-name = "dep"
  analyzer-version = 1
  input-imports = ["github.com/frozzare/go-assert"]
  solver-name = "gps-cdcl"
  solver-version = 1
